
Microsoft Visual Studio Solution File, Format Version 12.00
# Visual Studio Version 17
VisualStudioVersion = 17.10.34928.147
MinimumVisualStudioVersion = 10.0.40219.1
Project("{FAE04EC0-301F-11D3-BF4B-00C04F79EFBC}") = "Héritage", "Héritage\Héritage.csproj", "{434A5E7E-8981-4B83-919C-C9E7CF22360B}"
EndProject
Global
	GlobalSection(SolutionConfigurationPlatforms) = preSolution
		Debug|Any CPU = Debug|Any CPU
		Release|Any CPU = Release|Any CPU
	EndGlobalSection
	GlobalSection(ProjectConfigurationPlatforms) = postSolution
		{434A5E7E-8981-4B83-919C-C9E7CF22360B}.Debug|Any CPU.ActiveCfg = Debug|Any CPU
		{434A5E7E-8981-4B83-919C-C9E7CF22360B}.Debug|Any CPU.Build.0 = Debug|Any CPU
		{434A5E7E-8981-4B83-919C-C9E7CF22360B}.Release|Any CPU.ActiveCfg = Release|Any CPU
		{434A5E7E-8981-4B83-919C-C9E7CF22360B}.Release|Any CPU.Build.0 = Release|Any CPU
	EndGlobalSection
	GlobalSection(SolutionProperties) = preSolution
		HideSolutionNode = FALSE
	EndGlobalSection
	GlobalSection(ExtensibilityGlobals) = postSolution
		SolutionGuid = {36C78B8B-DC83-4B52-8FE9-5F4518F9AB0B}
	EndGlobalSection
EndGlobal
